
Microsoft Visual Studio Solution File, Format Version 12.00
# Visual Studio Version 16
VisualStudioVersion = 16.0.31402.337
MinimumVisualStudioVersion = 10.0.40219.1
Project("{FAE04EC0-301F-11D3-BF4B-00C04F79EFBC}") = "2-CriandoVariaveis", "2-CriandoVariaveis\2-CriandoVariaveis.csproj", "{6FB636C5-14F7-456C-8944-F664A13D79C8}"
EndProject
Global
	GlobalSection(SolutionConfigurationPlatforms) = preSolution
		Debug|Any CPU = Debug|Any CPU
		Release|Any CPU = Release|Any CPU
	EndGlobalSection
	GlobalSection(ProjectConfigurationPlatforms) = postSolution
		{6FB636C5-14F7-456C-8944-F664A13D79C8}.Debug|Any CPU.ActiveCfg = Debug|Any CPU
		{6FB636C5-14F7-456C-8944-F664A13D79C8}.Debug|Any CPU.Build.0 = Debug|Any CPU
		{6FB636C5-14F7-456C-8944-F664A13D79C8}.Release|Any CPU.ActiveCfg = Release|Any CPU
		{6FB636C5-14F7-456C-8944-F664A13D79C8}.Release|Any CPU.Build.0 = Release|Any CPU
	EndGlobalSection
	GlobalSection(SolutionProperties) = preSolution
		HideSolutionNode = FALSE
	EndGlobalSection
	GlobalSection(ExtensibilityGlobals) = postSolution
		SolutionGuid = {CD3D02AE-D32E-4D6D-82A1-CBAFE1603BF2}
	EndGlobalSection
EndGlobal
